
Microsoft Visual Studio Solution File, Format Version 11.00
# Visual Studio 2010
Project("{FAE04EC0-301F-11D3-BF4B-00C04F79EFBC}") = "Interview.Core", "Interview.Core\Interview.Core.csproj", "{C1554430-9C62-4F42-BFFB-11ABD496A2D9}"
EndProject
Project("{FAE04EC0-301F-11D3-BF4B-00C04F79EFBC}") = "Interview.Test", "Interview.Test\Interview.Test.csproj", "{098B3B4F-A7C2-4D1D-8A52-454AF98F4CE0}"
EndProject
Project("{2150E333-8FDC-42A3-9474-1A3956D46DE8}") = "Solution Items", "Solution Items", "{5677A274-9D82-4286-B8F7-116F86BF75EA}"
	ProjectSection(SolutionItems) = preProject
		Interview.Console.vsmdi = Interview.Console.vsmdi
		Local.testsettings = Local.testsettings
		TraceAndTestImpact.testsettings = TraceAndTestImpact.testsettings
	EndProjectSection
EndProject
Project("{FAE04EC0-301F-11D3-BF4B-00C04F79EFBC}") = "Interview.ConsoleUI", "Interview.ConsoleUI\Interview.ConsoleUI.csproj", "{EEB1FD47-6F9D-4F49-A7B3-D1455A3AB30E}"
EndProject
Global
	GlobalSection(TestCaseManagementSettings) = postSolution
		CategoryFile = Interview.Console.vsmdi
	EndGlobalSection
	GlobalSection(SolutionConfigurationPlatforms) = preSolution
		Debug|Any CPU = Debug|Any CPU
		Debug|Mixed Platforms = Debug|Mixed Platforms
		Debug|x86 = Debug|x86
		Release|Any CPU = Release|Any CPU
		Release|Mixed Platforms = Release|Mixed Platforms
		Release|x86 = Release|x86
	EndGlobalSection
	GlobalSection(ProjectConfigurationPlatforms) = postSolution
		{C1554430-9C62-4F42-BFFB-11ABD496A2D9}.Debug|Any CPU.ActiveCfg = Debug|Any CPU
		{C1554430-9C62-4F42-BFFB-11ABD496A2D9}.Debug|Any CPU.Build.0 = Debug|Any CPU
		{C1554430-9C62-4F42-BFFB-11ABD496A2D9}.Debug|Mixed Platforms.ActiveCfg = Debug|Any CPU
		{C1554430-9C62-4F42-BFFB-11ABD496A2D9}.Debug|Mixed Platforms.Build.0 = Debug|Any CPU
		{C1554430-9C62-4F42-BFFB-11ABD496A2D9}.Debug|x86.ActiveCfg = Debug|Any CPU
		{C1554430-9C62-4F42-BFFB-11ABD496A2D9}.Release|Any CPU.ActiveCfg = Release|Any CPU
		{C1554430-9C62-4F42-BFFB-11ABD496A2D9}.Release|Any CPU.Build.0 = Release|Any CPU
		{C1554430-9C62-4F42-BFFB-11ABD496A2D9}.Release|Mixed Platforms.ActiveCfg = Release|Any CPU
		{C1554430-9C62-4F42-BFFB-11ABD496A2D9}.Release|Mixed Platforms.Build.0 = Release|Any CPU
		{C1554430-9C62-4F42-BFFB-11ABD496A2D9}.Release|x86.ActiveCfg = Release|Any CPU
		{098B3B4F-A7C2-4D1D-8A52-454AF98F4CE0}.Debug|Any CPU.ActiveCfg = Debug|Any CPU
		{098B3B4F-A7C2-4D1D-8A52-454AF98F4CE0}.Debug|Any CPU.Build.0 = Debug|Any CPU
		{098B3B4F-A7C2-4D1D-8A52-454AF98F4CE0}.Debug|Mixed Platforms.ActiveCfg = Debug|Any CPU
		{098B3B4F-A7C2-4D1D-8A52-454AF98F4CE0}.Debug|Mixed Platforms.Build.0 = Debug|Any CPU
		{098B3B4F-A7C2-4D1D-8A52-454AF98F4CE0}.Debug|x86.ActiveCfg = Debug|Any CPU
		{098B3B4F-A7C2-4D1D-8A52-454AF98F4CE0}.Release|Any CPU.ActiveCfg = Release|Any CPU
		{098B3B4F-A7C2-4D1D-8A52-454AF98F4CE0}.Release|Any CPU.Build.0 = Release|Any CPU
		{098B3B4F-A7C2-4D1D-8A52-454AF98F4CE0}.Release|Mixed Platforms.ActiveCfg = Release|Any CPU
		{098B3B4F-A7C2-4D1D-8A52-454AF98F4CE0}.Release|Mixed Platforms.Build.0 = Release|Any CPU
		{098B3B4F-A7C2-4D1D-8A52-454AF98F4CE0}.Release|x86.ActiveCfg = Release|Any CPU
		{EEB1FD47-6F9D-4F49-A7B3-D1455A3AB30E}.Debug|Any CPU.ActiveCfg = Debug|x86
		{EEB1FD47-6F9D-4F49-A7B3-D1455A3AB30E}.Debug|Mixed Platforms.ActiveCfg = Debug|x86
		{EEB1FD47-6F9D-4F49-A7B3-D1455A3AB30E}.Debug|Mixed Platforms.Build.0 = Debug|x86
		{EEB1FD47-6F9D-4F49-A7B3-D1455A3AB30E}.Debug|x86.ActiveCfg = Debug|x86
		{EEB1FD47-6F9D-4F49-A7B3-D1455A3AB30E}.Debug|x86.Build.0 = Debug|x86
		{EEB1FD47-6F9D-4F49-A7B3-D1455A3AB30E}.Release|Any CPU.ActiveCfg = Release|x86
		{EEB1FD47-6F9D-4F49-A7B3-D1455A3AB30E}.Release|Mixed Platforms.ActiveCfg = Release|x86
		{EEB1FD47-6F9D-4F49-A7B3-D1455A3AB30E}.Release|Mixed Platforms.Build.0 = Release|x86
		{EEB1FD47-6F9D-4F49-A7B3-D1455A3AB30E}.Release|x86.ActiveCfg = Release|x86
		{EEB1FD47-6F9D-4F49-A7B3-D1455A3AB30E}.Release|x86.Build.0 = Release|x86
	EndGlobalSection
	GlobalSection(SolutionProperties) = preSolution
		HideSolutionNode = FALSE
	EndGlobalSection
EndGlobal
